github.com/go-chi/chi v1.5.1 h1:kfTK3Cxd/dkMu/rKs5ZceWYp+t5CtiE7vmaTv3LjC6w=
github.com/go-chi/chi v1.5.1/go.mod h1:REp24E+25iKvxgeTfHmdUoL5x15kBiDBlnIl5bCwe2k=
github.com/go-sql-driver/mysql v1.4.0/go.mod h1:zAC/RDZ24gD3HViQzih4MyKcchzm+sOG5ZlKdlhCg5w=
github.com/go-sql-driver/mysql v1.5.0 h1:ozyZYNQW3x3HtqT1jira07DN2PArx2v7/mN66gGcHOs=
github.com/go-sql-driver/mysql v1.5.0/go.mod h1:DCzpHaOWr8IXmIStZouvnhqoel9Qv2LBy8hT2VhHyBg=
github.com/jmoiron/sqlx v1.2.0 h1:41Ip0zITnmWNR/vHV+S4m+VoUivnWY5E4OJfLZjCJMA=
github.com/jmoiron/sqlx v1.2.0/go.mod h1:1FEQNm3xlJgrMD+FBdI9+xvCksHtbpVBBw5dYhBSsks=
github.com/lib/pq v1.0.0/go.mod h1:5WUZQaWbwv1U+lTReE5YruASi9Al49XbQIvNi/34Woo=
github.com/lib/pq v1.9.0 h1:L8nSXQQzAYByakOFMTwpjRoHsMJklur4Gi59b6VivR8=
github.com/lib/pq v1.9.0/go.mod h1:AlVN5x4E4T544tWzH6hKfbfQvm3HdbOxrmggDNAPY9o=
github.com/mattn/go-sqlite3 v1.9.0/go.mod h1:FPy6KqzDD04eiIsT53CuJW3U88zkxoIYsOqkbpncsNc=
github.com/mattn/go-sqlite3 v1.14.5 h1:1IdxlwTNazvbKJQSxoJ5/9ECbEeaTTyeU7sEAZ5KKTQ=
github.com/mattn/go-sqlite3 v1.14.5/go.mod h1:WVKg1VTActs4Qso6iwGbiFih2UIHo0ENGwNd0Lj+XmI=
github.com/monoculum/formam v0.0.0-20200923020755-6f187e4ffe27 h1:TTeX0RC/Ea5uMt1t3j0/bk+bXLWcXIR1Fdue4dFZe/k=
github.com/monoculum/formam v0.0.0-20200923020755-6f187e4ffe27/go.mod h1:JKa2av1XVkGjhxdLS59nDoXa2JpmIHpnURWNbzCtXtc=
golang.org/x/sys v0.0.0-20200625212154-ddb9806d33ae h1:Ih9Yo4hSPImZOpfGuA4bR/ORKTAbhZo2AbWNRCnevdo=
golang.org/x/sys v0.0.0-20200625212154-ddb9806d33ae/go.mod h1:h1NjWce9XRLGQEsW7wpKNCjG9DtNlClVuFLEZdDNbEs=
zgo.at/errors v0.0.0-20200725175708-8255739ad6ec h1:lACtQzc1wx9Jutxix4p08EN0EfiGmjnx6ItEiT9ZzHo=
zgo.at/errors v0.0.0-20200725175708-8255739ad6ec/go.mod h1:POfgvh1LafF2NZJk6buGYCIhcHWuR/miB3nndyf3ozs=
zgo.at/guru v1.1.0 h1:hvMLOzPnv7XApwJZgxvFxBA8wb6RGPUw9lz8kmq450g=
zgo.at/guru v1.1.0/go.mod h1:eltnfk6QwmM7ic3OLzmGMjEChP2iLuYXERyliREiA00=
zgo.at/json v0.0.0-20200627042140-d5025253667f h1:o4XL0oDtAzxN+mkVCti8MYz5nLNfbrl17I78rqLWQrk=
zgo.at/json v0.0.0-20200627042140-d5025253667f/go.mod h1:DUuNIRpNC7/cup+Gy0qhwQEjjlLFXXRZ04VnVv9bf3E=
zgo.at/zdb v0.0.0-20201215064121-3bdf9ac70fc1 h1:eawtULWuR7ESK+jcrHrjs9Gxj8b7DRj96PXIFzp3UGU=
zgo.at/zdb v0.0.0-20201215064121-3bdf9ac70fc1/go.mod h1:n/Df3OG3BBRYDITUTfULWP3fI2Xk4q8UYV7thV1zlbM=
zgo.at/zhttp v0.0.0-20201214071227-714ee8b7a17f h1:PGpkVGFFbGH5Yk2VjLueKakme6JAhGI0om/JHNiEGFA=
zgo.at/zhttp v0.0.0-20201214071227-714ee8b7a17f/go.mod h1:uP4rR+M324SMyVBuTNL1BhV899A2hP/SQDxz2ZarTiQ=
zgo.at/zli v0.0.0-20201210061107-1204fda2cf4b h1:hU1S7i9aWNs7Vw5R0c03uPduTZ/mpf7TBSThwxg3PWM=
zgo.at/zli v0.0.0-20201210061107-1204fda2cf4b/go.mod h1:iCNHeIhEG9nQZsmEvf1BDpnQXvbYbUDvokRSwB434M8=
zgo.at/zlog v0.0.0-20200404052423-adffcc8acd57 h1:sIuh9IpccNlzMsmAvF7EPT87/Ab2XdUJHizsMxbQgM4=
zgo.at/zlog v0.0.0-20200404052423-adffcc8acd57/go.mod h1:YkLAQZjLsp1RqWHn8SJokHzXyYU+6FZjM4GNY64IKME=
zgo.at/zlog v0.0.0-20201213081304-1dc74ce06e5f h1:ySpTSREDks0yr4Hu/52uelg+KFkYLP4Hf4tOB0po27g=
zgo.at/zlog v0.0.0-20201213081304-1dc74ce06e5f/go.mod h1:YkLAQZjLsp1RqWHn8SJokHzXyYU+6FZjM4GNY64IKME=
zgo.at/zpack v1.0.2-0.20201215095635-1a4d171dcd00 h1:oIOJSfUP7eM6LXAlVRgvr9+i6Dc0FLW6jBRla/Vfi6k=
zgo.at/zpack v1.0.2-0.20201215095635-1a4d171dcd00/go.mod h1:2laAAHqImmeiTlMAQ2PlMRBVhS6YKPkUoosMfdv7GXY=
zgo.at/zstd v0.0.0-20201208030035-69d7042db931 h1:LtAc4JR6coAsFmfou9hY5OdfOdNXthWxTvKEE09PVCM=
zgo.at/zstd v0.0.0-20201208030035-69d7042db931/go.mod h1:bQqcOgaRPCBT7lZ52Ksg9GF1xwi0L97E3AyvW3oGJYE=
